
Microsoft Visual Studio Solution File, Format Version 12.00
# Visual Studio 15
VisualStudioVersion = 15.0.28307.1778
MinimumVisualStudioVersion = 10.0.40219.1
Project("{FAE04EC0-301F-11D3-BF4B-00C04F79EFBC}") = "ExtendedClock", "ExtendedClock\ExtendedClock.csproj", "{72322DFA-2BE4-4C9D-806A-BD585CBA6F73}"
EndProject
Project("{FAE04EC0-301F-11D3-BF4B-00C04F79EFBC}") = "ExtendedClockServer", "ExtendedClockServer\ExtendedClockServer.csproj", "{5EEBD689-3236-43E5-922F-2E47CB4D4AC9}"
EndProject
Project("{FAE04EC0-301F-11D3-BF4B-00C04F79EFBC}") = "ExtendedClockService", "ExtendedClockService\ExtendedClockService.csproj", "{80B85997-F509-4D59-88E9-31F98F92140F}"
EndProject
Global
	GlobalSection(SolutionConfigurationPlatforms) = preSolution
		Debug|Any CPU = Debug|Any CPU
		Debug|ARM = Debug|ARM
		Debug|ARM64 = Debug|ARM64
		Debug|x64 = Debug|x64
		Debug|x86 = Debug|x86
		Release|Any CPU = Release|Any CPU
		Release|ARM = Release|ARM
		Release|ARM64 = Release|ARM64
		Release|x64 = Release|x64
		Release|x86 = Release|x86
	EndGlobalSection
	GlobalSection(ProjectConfigurationPlatforms) = postSolution
		{72322DFA-2BE4-4C9D-806A-BD585CBA6F73}.Debug|Any CPU.ActiveCfg = Debug|x86
		{72322DFA-2BE4-4C9D-806A-BD585CBA6F73}.Debug|ARM.ActiveCfg = Debug|ARM
		{72322DFA-2BE4-4C9D-806A-BD585CBA6F73}.Debug|ARM.Build.0 = Debug|ARM
		{72322DFA-2BE4-4C9D-806A-BD585CBA6F73}.Debug|ARM.Deploy.0 = Debug|ARM
		{72322DFA-2BE4-4C9D-806A-BD585CBA6F73}.Debug|ARM64.ActiveCfg = Debug|ARM64
		{72322DFA-2BE4-4C9D-806A-BD585CBA6F73}.Debug|ARM64.Build.0 = Debug|ARM64
		{72322DFA-2BE4-4C9D-806A-BD585CBA6F73}.Debug|ARM64.Deploy.0 = Debug|ARM64
		{72322DFA-2BE4-4C9D-806A-BD585CBA6F73}.Debug|x64.ActiveCfg = Debug|x64
		{72322DFA-2BE4-4C9D-806A-BD585CBA6F73}.Debug|x64.Build.0 = Debug|x64
		{72322DFA-2BE4-4C9D-806A-BD585CBA6F73}.Debug|x64.Deploy.0 = Debug|x64
		{72322DFA-2BE4-4C9D-806A-BD585CBA6F73}.Debug|x86.ActiveCfg = Debug|x86
		{72322DFA-2BE4-4C9D-806A-BD585CBA6F73}.Debug|x86.Build.0 = Debug|x86
		{72322DFA-2BE4-4C9D-806A-BD585CBA6F73}.Debug|x86.Deploy.0 = Debug|x86
		{72322DFA-2BE4-4C9D-806A-BD585CBA6F73}.Release|Any CPU.ActiveCfg = Release|x86
		{72322DFA-2BE4-4C9D-806A-BD585CBA6F73}.Release|ARM.ActiveCfg = Release|ARM
		{72322DFA-2BE4-4C9D-806A-BD585CBA6F73}.Release|ARM.Build.0 = Release|ARM
		{72322DFA-2BE4-4C9D-806A-BD585CBA6F73}.Release|ARM.Deploy.0 = Release|ARM
		{72322DFA-2BE4-4C9D-806A-BD585CBA6F73}.Release|ARM64.ActiveCfg = Release|ARM64
		{72322DFA-2BE4-4C9D-806A-BD585CBA6F73}.Release|ARM64.Build.0 = Release|ARM64
		{72322DFA-2BE4-4C9D-806A-BD585CBA6F73}.Release|ARM64.Deploy.0 = Release|ARM64
		{72322DFA-2BE4-4C9D-806A-BD585CBA6F73}.Release|x64.ActiveCfg = Release|x64
		{72322DFA-2BE4-4C9D-806A-BD585CBA6F73}.Release|x64.Build.0 = Release|x64
		{72322DFA-2BE4-4C9D-806A-BD585CBA6F73}.Release|x64.Deploy.0 = Release|x64
		{72322DFA-2BE4-4C9D-806A-BD585CBA6F73}.Release|x86.ActiveCfg = Release|x86
		{72322DFA-2BE4-4C9D-806A-BD585CBA6F73}.Release|x86.Build.0 = Release|x86
		{72322DFA-2BE4-4C9D-806A-BD585CBA6F73}.Release|x86.Deploy.0 = Release|x86
		{5EEBD689-3236-43E5-922F-2E47CB4D4AC9}.Debug|Any CPU.ActiveCfg = Debug|Any CPU
		{5EEBD689-3236-43E5-922F-2E47CB4D4AC9}.Debug|Any CPU.Build.0 = Debug|Any CPU
		{5EEBD689-3236-43E5-922F-2E47CB4D4AC9}.Debug|ARM.ActiveCfg = Debug|Any CPU
		{5EEBD689-3236-43E5-922F-2E47CB4D4AC9}.Debug|ARM.Build.0 = Debug|Any CPU
		{5EEBD689-3236-43E5-922F-2E47CB4D4AC9}.Debug|ARM64.ActiveCfg = Debug|Any CPU
		{5EEBD689-3236-43E5-922F-2E47CB4D4AC9}.Debug|ARM64.Build.0 = Debug|Any CPU
		{5EEBD689-3236-43E5-922F-2E47CB4D4AC9}.Debug|x64.ActiveCfg = Debug|Any CPU
		{5EEBD689-3236-43E5-922F-2E47CB4D4AC9}.Debug|x64.Build.0 = Debug|Any CPU
		{5EEBD689-3236-43E5-922F-2E47CB4D4AC9}.Debug|x86.ActiveCfg = Debug|Any CPU
		{5EEBD689-3236-43E5-922F-2E47CB4D4AC9}.Debug|x86.Build.0 = Debug|Any CPU
		{5EEBD689-3236-43E5-922F-2E47CB4D4AC9}.Release|Any CPU.ActiveCfg = Release|Any CPU
		{5EEBD689-3236-43E5-922F-2E47CB4D4AC9}.Release|Any CPU.Build.0 = Release|Any CPU
		{5EEBD689-3236-43E5-922F-2E47CB4D4AC9}.Release|ARM.ActiveCfg = Release|Any CPU
		{5EEBD689-3236-43E5-922F-2E47CB4D4AC9}.Release|ARM.Build.0 = Release|Any CPU
		{5EEBD689-3236-43E5-922F-2E47CB4D4AC9}.Release|ARM64.ActiveCfg = Release|Any CPU
		{5EEBD689-3236-43E5-922F-2E47CB4D4AC9}.Release|ARM64.Build.0 = Release|Any CPU
		{5EEBD689-3236-43E5-922F-2E47CB4D4AC9}.Release|x64.ActiveCfg = Release|Any CPU
		{5EEBD689-3236-43E5-922F-2E47CB4D4AC9}.Release|x64.Build.0 = Release|Any CPU
		{5EEBD689-3236-43E5-922F-2E47CB4D4AC9}.Release|x86.ActiveCfg = Release|Any CPU
		{5EEBD689-3236-43E5-922F-2E47CB4D4AC9}.Release|x86.Build.0 = Release|Any CPU
		{80B85997-F509-4D59-88E9-31F98F92140F}.Debug|Any CPU.ActiveCfg = Debug|Any CPU
		{80B85997-F509-4D59-88E9-31F98F92140F}.Debug|Any CPU.Build.0 = Debug|Any CPU
		{80B85997-F509-4D59-88E9-31F98F92140F}.Debug|ARM.ActiveCfg = Debug|Any CPU
		{80B85997-F509-4D59-88E9-31F98F92140F}.Debug|ARM.Build.0 = Debug|Any CPU
		{80B85997-F509-4D59-88E9-31F98F92140F}.Debug|ARM64.ActiveCfg = Debug|Any CPU
		{80B85997-F509-4D59-88E9-31F98F92140F}.Debug|ARM64.Build.0 = Debug|Any CPU
		{80B85997-F509-4D59-88E9-31F98F92140F}.Debug|x64.ActiveCfg = Debug|Any CPU
		{80B85997-F509-4D59-88E9-31F98F92140F}.Debug|x64.Build.0 = Debug|Any CPU
		{80B85997-F509-4D59-88E9-31F98F92140F}.Debug|x86.ActiveCfg = Debug|Any CPU
		{80B85997-F509-4D59-88E9-31F98F92140F}.Debug|x86.Build.0 = Debug|Any CPU
		{80B85997-F509-4D59-88E9-31F98F92140F}.Release|Any CPU.ActiveCfg = Release|Any CPU
		{80B85997-F509-4D59-88E9-31F98F92140F}.Release|Any CPU.Build.0 = Release|Any CPU
		{80B85997-F509-4D59-88E9-31F98F92140F}.Release|ARM.ActiveCfg = Release|Any CPU
		{80B85997-F509-4D59-88E9-31F98F92140F}.Release|ARM.Build.0 = Release|Any CPU
		{80B85997-F509-4D59-88E9-31F98F92140F}.Release|ARM64.ActiveCfg = Release|Any CPU
		{80B85997-F509-4D59-88E9-31F98F92140F}.Release|ARM64.Build.0 = Release|Any CPU
		{80B85997-F509-4D59-88E9-31F98F92140F}.Release|x64.ActiveCfg = Release|Any CPU
		{80B85997-F509-4D59-88E9-31F98F92140F}.Release|x64.Build.0 = Release|Any CPU
		{80B85997-F509-4D59-88E9-31F98F92140F}.Release|x86.ActiveCfg = Release|Any CPU
		{80B85997-F509-4D59-88E9-31F98F92140F}.Release|x86.Build.0 = Release|Any CPU
	EndGlobalSection
	GlobalSection(SolutionProperties) = preSolution
		HideSolutionNode = FALSE
	EndGlobalSection
	GlobalSection(ExtensibilityGlobals) = postSolution
		SolutionGuid = {56B4650D-C200-4001-B5BB-50D8409CC3EA}
	EndGlobalSection
EndGlobal
